
Microsoft Visual Studio Solution File, Format Version 12.00
# Visual Studio Version 17
VisualStudioVersion = 17.13.35825.156
MinimumVisualStudioVersion = 10.0.40219.1
Project("{FAE04EC0-301F-11D3-BF4B-00C04F79EFBC}") = "WebApplication1", "WebApplication1.csproj", "{113B5733-1914-4ADB-B920-B8EE74181A55}"
	ProjectSection(ProjectDependencies) = postProject
		{215E69EE-F947-4DD4-88A5-35EB124D13D2} = {215E69EE-F947-4DD4-88A5-35EB124D13D2}
	EndProjectSection
EndProject
Project("{FAE04EC0-301F-11D3-BF4B-00C04F79EFBC}") = "assignmentThreeCSE445", "..\assignmentThreeCSE445\assignmentThreeCSE445\assignmentThreeCSE445.csproj", "{215E69EE-F947-4DD4-88A5-35EB124D13D2}"
EndProject
Global
	GlobalSection(SolutionConfigurationPlatforms) = preSolution
		Debug|Any CPU = Debug|Any CPU
		Release|Any CPU = Release|Any CPU
	EndGlobalSection
	GlobalSection(ProjectConfigurationPlatforms) = postSolution
		{113B5733-1914-4ADB-B920-B8EE74181A55}.Debug|Any CPU.ActiveCfg = Debug|Any CPU
		{113B5733-1914-4ADB-B920-B8EE74181A55}.Debug|Any CPU.Build.0 = Debug|Any CPU
		{113B5733-1914-4ADB-B920-B8EE74181A55}.Release|Any CPU.ActiveCfg = Release|Any CPU
		{113B5733-1914-4ADB-B920-B8EE74181A55}.Release|Any CPU.Build.0 = Release|Any CPU
		{215E69EE-F947-4DD4-88A5-35EB124D13D2}.Debug|Any CPU.ActiveCfg = Debug|Any CPU
		{215E69EE-F947-4DD4-88A5-35EB124D13D2}.Debug|Any CPU.Build.0 = Debug|Any CPU
		{215E69EE-F947-4DD4-88A5-35EB124D13D2}.Release|Any CPU.ActiveCfg = Release|Any CPU
		{215E69EE-F947-4DD4-88A5-35EB124D13D2}.Release|Any CPU.Build.0 = Release|Any CPU
	EndGlobalSection
	GlobalSection(SolutionProperties) = preSolution
		HideSolutionNode = FALSE
	EndGlobalSection
	GlobalSection(ExtensibilityGlobals) = postSolution
		SolutionGuid = {F5D36368-A6D9-4161-90E3-70C127A28E52}
	EndGlobalSection
EndGlobal
